
Microsoft Visual Studio Solution File, Format Version 12.00
# Visual Studio Version 16
VisualStudioVersion = 16.0.29411.108
MinimumVisualStudioVersion = 10.0.40219.1
Project("{FAE04EC0-301F-11D3-BF4B-00C04F79EFBC}") = "StudentManagerPro", "StudentManagerPro\StudentManagerPro.csproj", "{9F7329D2-BD86-47A0-A512-420DEB79B0EE}"
EndProject
Project("{FAE04EC0-301F-11D3-BF4B-00C04F79EFBC}") = "DAL", "DAL\DAL.csproj", "{959FE38C-64C9-4452-B43E-684F06E4F53C}"
EndProject
Project("{FAE04EC0-301F-11D3-BF4B-00C04F79EFBC}") = "Models", "Models\Models.csproj", "{00D09AC0-CFC9-4FBD-BDD8-AD1817BF08D6}"
EndProject
Global
	GlobalSection(SolutionConfigurationPlatforms) = preSolution
		Debug|Any CPU = Debug|Any CPU
		Release|Any CPU = Release|Any CPU
	EndGlobalSection
	GlobalSection(ProjectConfigurationPlatforms) = postSolution
		{9F7329D2-BD86-47A0-A512-420DEB79B0EE}.Debug|Any CPU.ActiveCfg = Debug|Any CPU
		{9F7329D2-BD86-47A0-A512-420DEB79B0EE}.Debug|Any CPU.Build.0 = Debug|Any CPU
		{9F7329D2-BD86-47A0-A512-420DEB79B0EE}.Release|Any CPU.ActiveCfg = Release|Any CPU
		{9F7329D2-BD86-47A0-A512-420DEB79B0EE}.Release|Any CPU.Build.0 = Release|Any CPU
		{959FE38C-64C9-4452-B43E-684F06E4F53C}.Debug|Any CPU.ActiveCfg = Debug|Any CPU
		{959FE38C-64C9-4452-B43E-684F06E4F53C}.Debug|Any CPU.Build.0 = Debug|Any CPU
		{959FE38C-64C9-4452-B43E-684F06E4F53C}.Release|Any CPU.ActiveCfg = Release|Any CPU
		{959FE38C-64C9-4452-B43E-684F06E4F53C}.Release|Any CPU.Build.0 = Release|Any CPU
		{00D09AC0-CFC9-4FBD-BDD8-AD1817BF08D6}.Debug|Any CPU.ActiveCfg = Debug|Any CPU
		{00D09AC0-CFC9-4FBD-BDD8-AD1817BF08D6}.Debug|Any CPU.Build.0 = Debug|Any CPU
		{00D09AC0-CFC9-4FBD-BDD8-AD1817BF08D6}.Release|Any CPU.ActiveCfg = Release|Any CPU
		{00D09AC0-CFC9-4FBD-BDD8-AD1817BF08D6}.Release|Any CPU.Build.0 = Release|Any CPU
	EndGlobalSection
	GlobalSection(SolutionProperties) = preSolution
		HideSolutionNode = FALSE
	EndGlobalSection
	GlobalSection(ExtensibilityGlobals) = postSolution
		SolutionGuid = {9E34EB5A-AA0E-4658-A7D4-F90C594D96CB}
	EndGlobalSection
EndGlobal
